
Microsoft Visual Studio Solution File, Format Version 12.00
# Visual Studio Version 17
VisualStudioVersion = 17.6.33712.159
MinimumVisualStudioVersion = 10.0.40219.1
Project("{FAE04EC0-301F-11D3-BF4B-00C04F79EFBC}") = "OrderServer", "OrderServer\OrderServer.csproj", "{016C966E-07BD-4351-A72D-F131A9B311AF}"
EndProject
Project("{FAE04EC0-301F-11D3-BF4B-00C04F79EFBC}") = "OrderServer.Test", "OrderServer.Test\OrderServer.Test.csproj", "{B8A7CBF5-FA4B-4581-8F91-AD765517954D}"
EndProject
Global
	GlobalSection(SolutionConfigurationPlatforms) = preSolution
		Debug|Any CPU = Debug|Any CPU
		Release|Any CPU = Release|Any CPU
	EndGlobalSection
	GlobalSection(ProjectConfigurationPlatforms) = postSolution
		{016C966E-07BD-4351-A72D-F131A9B311AF}.Debug|Any CPU.ActiveCfg = Debug|Any CPU
		{016C966E-07BD-4351-A72D-F131A9B311AF}.Debug|Any CPU.Build.0 = Debug|Any CPU
		{016C966E-07BD-4351-A72D-F131A9B311AF}.Release|Any CPU.ActiveCfg = Release|Any CPU
		{016C966E-07BD-4351-A72D-F131A9B311AF}.Release|Any CPU.Build.0 = Release|Any CPU
		{B8A7CBF5-FA4B-4581-8F91-AD765517954D}.Debug|Any CPU.ActiveCfg = Debug|Any CPU
		{B8A7CBF5-FA4B-4581-8F91-AD765517954D}.Debug|Any CPU.Build.0 = Debug|Any CPU
		{B8A7CBF5-FA4B-4581-8F91-AD765517954D}.Release|Any CPU.ActiveCfg = Release|Any CPU
		{B8A7CBF5-FA4B-4581-8F91-AD765517954D}.Release|Any CPU.Build.0 = Release|Any CPU
	EndGlobalSection
	GlobalSection(SolutionProperties) = preSolution
		HideSolutionNode = FALSE
	EndGlobalSection
	GlobalSection(ExtensibilityGlobals) = postSolution
		SolutionGuid = {8CD4C5CD-030F-48EE-97DC-35A8A7E2EEB0}
	EndGlobalSection
EndGlobal
